
Microsoft Visual Studio Solution File, Format Version 12.00
# Visual Studio Version 17
VisualStudioVersion = 17.7.34003.232
MinimumVisualStudioVersion = 10.0.40219.1
Project("{FAE04EC0-301F-11D3-BF4B-00C04F79EFBC}") = "startup", "startup\startup.csproj", "{F941FE8E-422B-40BC-813F-2FDA99E92B4B}"
EndProject
Global
	GlobalSection(SolutionConfigurationPlatforms) = preSolution
		Debug|Any CPU = Debug|Any CPU
		Release|Any CPU = Release|Any CPU
	EndGlobalSection
	GlobalSection(ProjectConfigurationPlatforms) = postSolution
		{F941FE8E-422B-40BC-813F-2FDA99E92B4B}.Debug|Any CPU.ActiveCfg = Debug|Any CPU
		{F941FE8E-422B-40BC-813F-2FDA99E92B4B}.Debug|Any CPU.Build.0 = Debug|Any CPU
		{F941FE8E-422B-40BC-813F-2FDA99E92B4B}.Release|Any CPU.ActiveCfg = Release|Any CPU
		{F941FE8E-422B-40BC-813F-2FDA99E92B4B}.Release|Any CPU.Build.0 = Release|Any CPU
	EndGlobalSection
	GlobalSection(SolutionProperties) = preSolution
		HideSolutionNode = FALSE
	EndGlobalSection
	GlobalSection(ExtensibilityGlobals) = postSolution
		SolutionGuid = {1E44D81F-F809-4EF8-9844-F078F4B30012}
	EndGlobalSection
EndGlobal
